// !$*UTF8*$!
{
	archiveVersion = 1;
	classes = {
	};
	objectVersion = 50;
	objects = {

/* Begin PBXBuildFile section */
		7184451726495C410000DF5C /* AddAccount.swift in Sources */ = {isa = PBXBuildFile; fileRef = 7184451626495C410000DF5C /* AddAccount.swift */; };
		7184451A26495D7D0000DF5C /* AccountModel.swift in Sources */ = {isa = PBXBuildFile; fileRef = 7184451926495D7D0000DF5C /* AccountModel.swift */; };
		7184452A26495E920000DF5C /* Data.framework in Frameworks */ = {isa = PBXBuildFile; fileRef = 7184452126495E920000DF5C /* Data.framework */; };
		7184452F26495E920000DF5C /* RemoteAddAccountTests.swift in Sources */ = {isa = PBXBuildFile; fileRef = 7184452E26495E920000DF5C /* RemoteAddAccountTests.swift */; };
		7184453F26495ED80000DF5C /* Domain.framework in Frameworks */ = {isa = PBXBuildFile; fileRef = 7184450C26495B710000DF5C /* Domain.framework */; };
		7184454026495ED80000DF5C /* Domain.framework in Embed Frameworks */ = {isa = PBXBuildFile; fileRef = 7184450C26495B710000DF5C /* Domain.framework */; settings = {ATTRIBUTES = (CodeSignOnCopy, RemoveHeadersOnCopy, ); }; };
		71844549264999E30000DF5C /* Model.swift in Sources */ = {isa = PBXBuildFile; fileRef = 71844548264999E30000DF5C /* Model.swift */; };
		7184454F26499AA90000DF5C /* RemoteAddAccount.swift in Sources */ = {isa = PBXBuildFile; fileRef = 7184454E26499AA90000DF5C /* RemoteAddAccount.swift */; };
		7184455326499B8C0000DF5C /* HttpPostClient.swift in Sources */ = {isa = PBXBuildFile; fileRef = 7184455226499B8C0000DF5C /* HttpPostClient.swift */; };
/* End PBXBuildFile section */

/* Begin PBXContainerItemProxy section */
		7184452B26495E920000DF5C /* PBXContainerItemProxy */ = {
			isa = PBXContainerItemProxy;
			containerPortal = 718444F126495A580000DF5C /* Project object */;
			proxyType = 1;
			remoteGlobalIDString = 7184452026495E920000DF5C;
			remoteInfo = Data;
		};
		7184454126495ED80000DF5C /* PBXContainerItemProxy */ = {
			isa = PBXContainerItemProxy;
			containerPortal = 718444F126495A580000DF5C /* Project object */;
			proxyType = 1;
			remoteGlobalIDString = 7184450B26495B710000DF5C;
			remoteInfo = Domain;
		};
/* End PBXContainerItemProxy section */

/* Begin PBXCopyFilesBuildPhase section */
		7184454326495ED80000DF5C /* Embed Frameworks */ = {
			isa = PBXCopyFilesBuildPhase;
			buildActionMask = 2147483647;
			dstPath = "";
			dstSubfolderSpec = 10;
			files = (
				7184454026495ED80000DF5C /* Domain.framework in Embed Frameworks */,
			);
			name = "Embed Frameworks";
			runOnlyForDeploymentPostprocessing = 0;
		};
/* End PBXCopyFilesBuildPhase section */

/* Begin PBXFileReference section */
		7184450C26495B710000DF5C /* Domain.framework */ = {isa = PBXFileReference; explicitFileType = wrapper.framework; includeInIndex = 0; path = Domain.framework; sourceTree = BUILT_PRODUCTS_DIR; };
		7184450F26495B710000DF5C /* Info.plist */ = {isa = PBXFileReference; lastKnownFileType = text.plist.xml; path = Info.plist; sourceTree = "<group>"; };
		7184451626495C410000DF5C /* AddAccount.swift */ = {isa = PBXFileReference; lastKnownFileType = sourcecode.swift; path = AddAccount.swift; sourceTree = "<group>"; };
		7184451926495D7D0000DF5C /* AccountModel.swift */ = {isa = PBXFileReference; lastKnownFileType = sourcecode.swift; path = AccountModel.swift; sourceTree = "<group>"; };
		7184452126495E920000DF5C /* Data.framework */ = {isa = PBXFileReference; explicitFileType = wrapper.framework; includeInIndex = 0; path = Data.framework; sourceTree = BUILT_PRODUCTS_DIR; };
		7184452426495E920000DF5C /* Info.plist */ = {isa = PBXFileReference; lastKnownFileType = text.plist.xml; path = Info.plist; sourceTree = "<group>"; };
		7184452926495E920000DF5C /* DataTests.xctest */ = {isa = PBXFileReference; explicitFileType = wrapper.cfbundle; includeInIndex = 0; path = DataTests.xctest; sourceTree = BUILT_PRODUCTS_DIR; };
		7184452E26495E920000DF5C /* RemoteAddAccountTests.swift */ = {isa = PBXFileReference; lastKnownFileType = sourcecode.swift; path = RemoteAddAccountTests.swift; sourceTree = "<group>"; };
		7184453026495E920000DF5C /* Info.plist */ = {isa = PBXFileReference; lastKnownFileType = text.plist.xml; path = Info.plist; sourceTree = "<group>"; };
		71844548264999E30000DF5C /* Model.swift */ = {isa = PBXFileReference; lastKnownFileType = sourcecode.swift; path = Model.swift; sourceTree = "<group>"; };
		7184454E26499AA90000DF5C /* RemoteAddAccount.swift */ = {isa = PBXFileReference; lastKnownFileType = sourcecode.swift; path = RemoteAddAccount.swift; sourceTree = "<group>"; };
		7184455226499B8C0000DF5C /* HttpPostClient.swift */ = {isa = PBXFileReference; lastKnownFileType = sourcecode.swift; path = HttpPostClient.swift; sourceTree = "<group>"; };
/* End PBXFileReference section */

/* Begin PBXFrameworksBuildPhase section */
		7184450926495B710000DF5C /* Frameworks */ = {
			isa = PBXFrameworksBuildPhase;
			buildActionMask = 2147483647;
			files = (
			);
			runOnlyForDeploymentPostprocessing = 0;
		};
		7184451E26495E920000DF5C /* Frameworks */ = {
			isa = PBXFrameworksBuildPhase;
			buildActionMask = 2147483647;
			files = (
				7184453F26495ED80000DF5C /* Domain.framework in Frameworks */,
			);
			runOnlyForDeploymentPostprocessing = 0;
		};
		7184452626495E920000DF5C /* Frameworks */ = {
			isa = PBXFrameworksBuildPhase;
			buildActionMask = 2147483647;
			files = (
				7184452A26495E920000DF5C /* Data.framework in Frameworks */,
			);
			runOnlyForDeploymentPostprocessing = 0;
		};
/* End PBXFrameworksBuildPhase section */

/* Begin PBXGroup section */
		718444F026495A580000DF5C = {
			isa = PBXGroup;
			children = (
				7184450D26495B710000DF5C /* Domain */,
				7184452226495E920000DF5C /* Data */,
				7184452D26495E920000DF5C /* DataTests */,
				718444FB26495A580000DF5C /* Products */,
				7184453E26495ED80000DF5C /* Frameworks */,
			);
			sourceTree = "<group>";
		};
		718444FB26495A580000DF5C /* Products */ = {
			isa = PBXGroup;
			children = (
				7184450C26495B710000DF5C /* Domain.framework */,
				7184452126495E920000DF5C /* Data.framework */,
				7184452926495E920000DF5C /* DataTests.xctest */,
			);
			name = Products;
			sourceTree = "<group>";
		};
		7184450D26495B710000DF5C /* Domain */ = {
			isa = PBXGroup;
			children = (
				7184451626495C410000DF5C /* AddAccount.swift */,
				7184451926495D7D0000DF5C /* AccountModel.swift */,
				71844548264999E30000DF5C /* Model.swift */,
				7184450F26495B710000DF5C /* Info.plist */,
			);
			path = Domain;
			sourceTree = "<group>";
		};
		7184452226495E920000DF5C /* Data */ = {
			isa = PBXGroup;
			children = (
				7184454E26499AA90000DF5C /* RemoteAddAccount.swift */,
				7184455226499B8C0000DF5C /* HttpPostClient.swift */,
				7184452426495E920000DF5C /* Info.plist */,
			);
			path = Data;
			sourceTree = "<group>";
		};
		7184452D26495E920000DF5C /* DataTests */ = {
			isa = PBXGroup;
			children = (
				7184452E26495E920000DF5C /* RemoteAddAccountTests.swift */,
				7184453026495E920000DF5C /* Info.plist */,
			);
			path = DataTests;
			sourceTree = "<group>";
		};
		7184453E26495ED80000DF5C /* Frameworks */ = {
			isa = PBXGroup;
			children = (
			);
			name = Frameworks;
			sourceTree = "<group>";
		};
/* End PBXGroup section */

/* Begin PBXHeadersBuildPhase section */
		7184450726495B710000DF5C /* Headers */ = {
			isa = PBXHeadersBuildPhase;
			buildActionMask = 2147483647;
			files = (
			);
			runOnlyForDeploymentPostprocessing = 0;
		};
		7184451C26495E920000DF5C /* Headers */ = {
			isa = PBXHeadersBuildPhase;
			buildActionMask = 2147483647;
			files = (
			);
			runOnlyForDeploymentPostprocessing = 0;
		};
/* End PBXHeadersBuildPhase section */

/* Begin PBXNativeTarget section */
		7184450B26495B710000DF5C /* Domain */ = {
			isa = PBXNativeTarget;
			buildConfigurationList = 7184451126495B710000DF5C /* Build configuration list for PBXNativeTarget "Domain" */;
			buildPhases = (
				7184450726495B710000DF5C /* Headers */,
				7184450826495B710000DF5C /* Sources */,
				7184450926495B710000DF5C /* Frameworks */,
				7184450A26495B710000DF5C /* Resources */,
			);
			buildRules = (
			);
			dependencies = (
			);
			name = Domain;
			productName = Domain;
			productReference = 7184450C26495B710000DF5C /* Domain.framework */;
			productType = "com.apple.product-type.framework";
		};
		7184452026495E920000DF5C /* Data */ = {
			isa = PBXNativeTarget;
			buildConfigurationList = 7184453226495E920000DF5C /* Build configuration list for PBXNativeTarget "Data" */;
			buildPhases = (
				7184451C26495E920000DF5C /* Headers */,
				7184451D26495E920000DF5C /* Sources */,
				7184451E26495E920000DF5C /* Frameworks */,
				7184451F26495E920000DF5C /* Resources */,
				7184454326495ED80000DF5C /* Embed Frameworks */,
			);
			buildRules = (
			);
			dependencies = (
				7184454226495ED80000DF5C /* PBXTargetDependency */,
			);
			name = Data;
			productName = Data;
			productReference = 7184452126495E920000DF5C /* Data.framework */;
			productType = "com.apple.product-type.framework";
		};
		7184452826495E920000DF5C /* DataTests */ = {
			isa = PBXNativeTarget;
			buildConfigurationList = 7184453526495E920000DF5C /* Build configuration list for PBXNativeTarget "DataTests" */;
			buildPhases = (
				7184452526495E920000DF5C /* Sources */,
				7184452626495E920000DF5C /* Frameworks */,
				7184452726495E920000DF5C /* Resources */,
			);
			buildRules = (
			);
			dependencies = (
				7184452C26495E920000DF5C /* PBXTargetDependency */,
			);
			name = DataTests;
			productName = DataTests;
			productReference = 7184452926495E920000DF5C /* DataTests.xctest */;
			productType = "com.apple.product-type.bundle.unit-test";
		};
/* End PBXNativeTarget section */

/* Begin PBXProject section */
		718444F126495A580000DF5C /* Project object */ = {
			isa = PBXProject;
			attributes = {
				LastSwiftUpdateCheck = 1240;
				LastUpgradeCheck = 1240;
				TargetAttributes = {
					7184450B26495B710000DF5C = {
						CreatedOnToolsVersion = 12.4;
						LastSwiftMigration = 1240;
					};
					7184452026495E920000DF5C = {
						CreatedOnToolsVersion = 12.4;
						LastSwiftMigration = 1240;
					};
					7184452826495E920000DF5C = {
						CreatedOnToolsVersion = 12.4;
					};
				};
			};
			buildConfigurationList = 718444F426495A580000DF5C /* Build configuration list for PBXProject "CleanApp" */;
			compatibilityVersion = "Xcode 9.3";
			developmentRegion = en;
			hasScannedForEncodings = 0;
			knownRegions = (
				en,
				Base,
			);
			mainGroup = 718444F026495A580000DF5C;
			productRefGroup = 718444FB26495A580000DF5C /* Products */;
			projectDirPath = "";
			projectRoot = "";
			targets = (
				7184450B26495B710000DF5C /* Domain */,
				7184452026495E920000DF5C /* Data */,
				7184452826495E920000DF5C /* DataTests */,
			);
		};
/* End PBXProject section */

/* Begin PBXResourcesBuildPhase section */
		7184450A26495B710000DF5C /* Resources */ = {
			isa = PBXResourcesBuildPhase;
			buildActionMask = 2147483647;
			files = (
			);
			runOnlyForDeploymentPostprocessing = 0;
		};
		7184451F26495E920000DF5C /* Resources */ = {
			isa = PBXResourcesBuildPhase;
			buildActionMask = 2147483647;
			files = (
			);
			runOnlyForDeploymentPostprocessing = 0;
		};
		7184452726495E920000DF5C /* Resources */ = {
			isa = PBXResourcesBuildPhase;
			buildActionMask = 2147483647;
			files = (
			);
			runOnlyForDeploymentPostprocessing = 0;
		};
/* End PBXResourcesBuildPhase section */

/* Begin PBXSourcesBuildPhase section */
		7184450826495B710000DF5C /* Sources */ = {
			isa = PBXSourcesBuildPhase;
			buildActionMask = 2147483647;
			files = (
				71844549264999E30000DF5C /* Model.swift in Sources */,
				7184451726495C410000DF5C /* AddAccount.swift in Sources */,
				7184451A26495D7D0000DF5C /* AccountModel.swift in Sources */,
			);
			runOnlyForDeploymentPostprocessing = 0;
		};
		7184451D26495E920000DF5C /* Sources */ = {
			isa = PBXSourcesBuildPhase;
			buildActionMask = 2147483647;
			files = (
				7184455326499B8C0000DF5C /* HttpPostClient.swift in Sources */,
				7184454F26499AA90000DF5C /* RemoteAddAccount.swift in Sources */,
			);
			runOnlyForDeploymentPostprocessing = 0;
		};
		7184452526495E920000DF5C /* Sources */ = {
			isa = PBXSourcesBuildPhase;
			buildActionMask = 2147483647;
			files = (
				7184452F26495E920000DF5C /* RemoteAddAccountTests.swift in Sources */,
			);
			runOnlyForDeploymentPostprocessing = 0;
		};
/* End PBXSourcesBuildPhase section */

/* Begin PBXTargetDependency section */
		7184452C26495E920000DF5C /* PBXTargetDependency */ = {
			isa = PBXTargetDependency;
			target = 7184452026495E920000DF5C /* Data */;
			targetProxy = 7184452B26495E920000DF5C /* PBXContainerItemProxy */;
		};
		7184454226495ED80000DF5C /* PBXTargetDependency */ = {
			isa = PBXTargetDependency;
			target = 7184450B26495B710000DF5C /* Domain */;
			targetProxy = 7184454126495ED80000DF5C /* PBXContainerItemProxy */;
		};
/* End PBXTargetDependency section */

/* Begin XCBuildConfiguration section */
		7184450026495A580000DF5C /* Debug */ = {
			isa = XCBuildConfiguration;
			buildSettings = {
				ALWAYS_SEARCH_USER_PATHS = NO;
				CLANG_ANALYZER_NONNULL = YES;
				CLANG_ANALYZER_NUMBER_OBJECT_CONVERSION = YES_AGGRESSIVE;
				CLANG_CXX_LANGUAGE_STANDARD = "gnu++14";
				CLANG_CXX_LIBRARY = "libc++";
				CLANG_ENABLE_MODULES = YES;
				CLANG_ENABLE_OBJC_ARC = YES;
				CLANG_ENABLE_OBJC_WEAK = YES;
				CLANG_WARN_BLOCK_CAPTURE_AUTORELEASING = YES;
				CLANG_WARN_BOOL_CONVERSION = YES;
				CLANG_WARN_COMMA = YES;
				CLANG_WARN_CONSTANT_CONVERSION = YES;
				CLANG_WARN_DEPRECATED_OBJC_IMPLEMENTATIONS = YES;
				CLANG_WARN_DIRECT_OBJC_ISA_USAGE = YES_ERROR;
				CLANG_WARN_DOCUMENTATION_COMMENTS = YES;
				CLANG_WARN_EMPTY_BODY = YES;
				CLANG_WARN_ENUM_CONVERSION = YES;
				CLANG_WARN_INFINITE_RECURSION = YES;
				CLANG_WARN_INT_CONVERSION = YES;
				CLANG_WARN_NON_LITERAL_NULL_CONVERSION = YES;
				CLANG_WARN_OBJC_IMPLICIT_RETAIN_SELF = YES;
				CLANG_WARN_OBJC_LITERAL_CONVERSION = YES;
				CLANG_WARN_OBJC_ROOT_CLASS = YES_ERROR;
				CLANG_WARN_QUOTED_INCLUDE_IN_FRAMEWORK_HEADER = YES;
				CLANG_WARN_RANGE_LOOP_ANALYSIS = YES;
				CLANG_WARN_STRICT_PROTOTYPES = YES;
				CLANG_WARN_SUSPICIOUS_MOVE = YES;
				CLANG_WARN_UNGUARDED_AVAILABILITY = YES_AGGRESSIVE;
				CLANG_WARN_UNREACHABLE_CODE = YES;
				CLANG_WARN__DUPLICATE_METHOD_MATCH = YES;
				COPY_PHASE_STRIP = NO;
				CURRENT_PROJECT_VERSION = 1;
				DEBUG_INFORMATION_FORMAT = dwarf;
				ENABLE_STRICT_OBJC_MSGSEND = YES;
				ENABLE_TESTABILITY = YES;
				GCC_C_LANGUAGE_STANDARD = gnu11;
				GCC_DYNAMIC_NO_PIC = NO;
				GCC_NO_COMMON_BLOCKS = YES;
				GCC_OPTIMIZATION_LEVEL = 0;
				GCC_PREPROCESSOR_DEFINITIONS = (
					"DEBUG=1",
					"$(inherited)",
				);
				GCC_WARN_64_TO_32_BIT_CONVERSION = YES;
				GCC_WARN_ABOUT_RETURN_TYPE = YES_ERROR;
				GCC_WARN_UNDECLARED_SELECTOR = YES;
				GCC_WARN_UNINITIALIZED_AUTOS = YES_AGGRESSIVE;
				GCC_WARN_UNUSED_FUNCTION = YES;
				GCC_WARN_UNUSED_VARIABLE = YES;
				IPHONEOS_DEPLOYMENT_TARGET = 14.4;
				MTL_ENABLE_DEBUG_INFO = INCLUDE_SOURCE;
				MTL_FAST_MATH = YES;
				ONLY_ACTIVE_ARCH = YES;
				SDKROOT = iphoneos;
				SWIFT_ACTIVE_COMPILATION_CONDITIONS = DEBUG;
				SWIFT_OPTIMIZATION_LEVEL = "-Onone";
				VERSIONING_SYSTEM = "apple-generic";
				VERSION_INFO_PREFIX = "";
			};
			name = Debug;
		};
		7184450126495A580000DF5C /* Release */ = {
			isa = XCBuildConfiguration;
			buildSettings = {
				ALWAYS_SEARCH_USER_PATHS = NO;
				CLANG_ANALYZER_NONNULL = YES;
				CLANG_ANALYZER_NUMBER_OBJECT_CONVERSION = YES_AGGRESSIVE;
				CLANG_CXX_LANGUAGE_STANDARD = "gnu++14";
				CLANG_CXX_LIBRARY = "libc++";
				CLANG_ENABLE_MODULES = YES;
				CLANG_ENABLE_OBJC_ARC = YES;
				CLANG_ENABLE_OBJC_WEAK = YES;
				CLANG_WARN_BLOCK_CAPTURE_AUTORELEASING = YES;
				CLANG_WARN_BOOL_CONVERSION = YES;
				CLANG_WARN_COMMA = YES;
				CLANG_WARN_CONSTANT_CONVERSION = YES;
				CLANG_WARN_DEPRECATED_OBJC_IMPLEMENTATIONS = YES;
				CLANG_WARN_DIRECT_OBJC_ISA_USAGE = YES_ERROR;
				CLANG_WARN_DOCUMENTATION_COMMENTS = YES;
				CLANG_WARN_EMPTY_BODY = YES;
				CLANG_WARN_ENUM_CONVERSION = YES;
				CLANG_WARN_INFINITE_RECURSION = YES;
				CLANG_WARN_INT_CONVERSION = YES;
				CLANG_WARN_NON_LITERAL_NULL_CONVERSION = YES;
				CLANG_WARN_OBJC_IMPLICIT_RETAIN_SELF = YES;
				CLANG_WARN_OBJC_LITERAL_CONVERSION = YES;
				CLANG_WARN_OBJC_ROOT_CLASS = YES_ERROR;
				CLANG_WARN_QUOTED_INCLUDE_IN_FRAMEWORK_HEADER = YES;
				CLANG_WARN_RANGE_LOOP_ANALYSIS = YES;
				CLANG_WARN_STRICT_PROTOTYPES = YES;
				CLANG_WARN_SUSPICIOUS_MOVE = YES;
				CLANG_WARN_UNGUARDED_AVAILABILITY = YES_AGGRESSIVE;
				CLANG_WARN_UNREACHABLE_CODE = YES;
				CLANG_WARN__DUPLICATE_METHOD_MATCH = YES;
				COPY_PHASE_STRIP = NO;
				CURRENT_PROJECT_VERSION = 1;
				DEBUG_INFORMATION_FORMAT = "dwarf-with-dsym";
				ENABLE_NS_ASSERTIONS = NO;
				ENABLE_STRICT_OBJC_MSGSEND = YES;
				GCC_C_LANGUAGE_STANDARD = gnu11;
				GCC_NO_COMMON_BLOCKS = YES;
				GCC_WARN_64_TO_32_BIT_CONVERSION = YES;
				GCC_WARN_ABOUT_RETURN_TYPE = YES_ERROR;
				GCC_WARN_UNDECLARED_SELECTOR = YES;
				GCC_WARN_UNINITIALIZED_AUTOS = YES_AGGRESSIVE;
				GCC_WARN_UNUSED_FUNCTION = YES;
				GCC_WARN_UNUSED_VARIABLE = YES;
				IPHONEOS_DEPLOYMENT_TARGET = 14.4;
				MTL_ENABLE_DEBUG_INFO = NO;
				MTL_FAST_MATH = YES;
				SDKROOT = iphoneos;
				SWIFT_COMPILATION_MODE = wholemodule;
				SWIFT_OPTIMIZATION_LEVEL = "-O";
				VALIDATE_PRODUCT = YES;
				VERSIONING_SYSTEM = "apple-generic";
				VERSION_INFO_PREFIX = "";
			};
			name = Release;
		};
		7184451226495B710000DF5C /* Debug */ = {
			isa = XCBuildConfiguration;
			buildSettings = {
				CLANG_ENABLE_MODULES = YES;
				CODE_SIGN_STYLE = Automatic;
				COMBINE_HIDPI_IMAGES = YES;
				DEFINES_MODULE = YES;
				DEVELOPMENT_TEAM = VX75476QM2;
				DYLIB_COMPATIBILITY_VERSION = 1;
				DYLIB_CURRENT_VERSION = 1;
				DYLIB_INSTALL_NAME_BASE = "@rpath";
				INFOPLIST_FILE = Domain/Info.plist;
				INSTALL_PATH = "$(LOCAL_LIBRARY_DIR)/Frameworks";
				LD_RUNPATH_SEARCH_PATHS = (
					"$(inherited)",
					"@executable_path/../Frameworks",
					"@loader_path/Frameworks",
				);
				MACOSX_DEPLOYMENT_TARGET = 11.1;
				PRODUCT_BUNDLE_IDENTIFIER = "com.gmail-producao.bruno.Domain";
				PRODUCT_NAME = "$(TARGET_NAME:c99extidentifier)";
				SDKROOT = macosx;
				SKIP_INSTALL = YES;
				SWIFT_OPTIMIZATION_LEVEL = "-Onone";
				SWIFT_VERSION = 5.0;
			};
			name = Debug;
		};
		7184451326495B710000DF5C /* Release */ = {
			isa = XCBuildConfiguration;
			buildSettings = {
				CLANG_ENABLE_MODULES = YES;
				CODE_SIGN_STYLE = Automatic;
				COMBINE_HIDPI_IMAGES = YES;
				DEFINES_MODULE = YES;
				DEVELOPMENT_TEAM = VX75476QM2;
				DYLIB_COMPATIBILITY_VERSION = 1;
				DYLIB_CURRENT_VERSION = 1;
				DYLIB_INSTALL_NAME_BASE = "@rpath";
				INFOPLIST_FILE = Domain/Info.plist;
				INSTALL_PATH = "$(LOCAL_LIBRARY_DIR)/Frameworks";
				LD_RUNPATH_SEARCH_PATHS = (
					"$(inherited)",
					"@executable_path/../Frameworks",
					"@loader_path/Frameworks",
				);
				MACOSX_DEPLOYMENT_TARGET = 11.1;
				PRODUCT_BUNDLE_IDENTIFIER = "com.gmail-producao.bruno.Domain";
				PRODUCT_NAME = "$(TARGET_NAME:c99extidentifier)";
				SDKROOT = macosx;
				SKIP_INSTALL = YES;
				SWIFT_VERSION = 5.0;
			};
			name = Release;
		};
		7184453326495E920000DF5C /* Debug */ = {
			isa = XCBuildConfiguration;
			buildSettings = {
				CLANG_ENABLE_MODULES = YES;
				CODE_SIGN_STYLE = Automatic;
				COMBINE_HIDPI_IMAGES = YES;
				DEFINES_MODULE = YES;
				DEVELOPMENT_TEAM = VX75476QM2;
				DYLIB_COMPATIBILITY_VERSION = 1;
				DYLIB_CURRENT_VERSION = 1;
				DYLIB_INSTALL_NAME_BASE = "@rpath";
				INFOPLIST_FILE = Data/Info.plist;
				INSTALL_PATH = "$(LOCAL_LIBRARY_DIR)/Frameworks";
				LD_RUNPATH_SEARCH_PATHS = (
					"$(inherited)",
					"@executable_path/../Frameworks",
					"@loader_path/Frameworks",
				);
				MACOSX_DEPLOYMENT_TARGET = 11.1;
				PRODUCT_BUNDLE_IDENTIFIER = "com.gmail-producao.bruno.Data";
				PRODUCT_NAME = "$(TARGET_NAME:c99extidentifier)";
				SDKROOT = macosx;
				SKIP_INSTALL = YES;
				SWIFT_OPTIMIZATION_LEVEL = "-Onone";
				SWIFT_VERSION = 5.0;
			};
			name = Debug;
		};
		7184453426495E920000DF5C /* Release */ = {
			isa = XCBuildConfiguration;
			buildSettings = {
				CLANG_ENABLE_MODULES = YES;
				CODE_SIGN_STYLE = Automatic;
				COMBINE_HIDPI_IMAGES = YES;
				DEFINES_MODULE = YES;
				DEVELOPMENT_TEAM = VX75476QM2;
				DYLIB_COMPATIBILITY_VERSION = 1;
				DYLIB_CURRENT_VERSION = 1;
				DYLIB_INSTALL_NAME_BASE = "@rpath";
				INFOPLIST_FILE = Data/Info.plist;
				INSTALL_PATH = "$(LOCAL_LIBRARY_DIR)/Frameworks";
				LD_RUNPATH_SEARCH_PATHS = (
					"$(inherited)",
					"@executable_path/../Frameworks",
					"@loader_path/Frameworks",
				);
				MACOSX_DEPLOYMENT_TARGET = 11.1;
				PRODUCT_BUNDLE_IDENTIFIER = "com.gmail-producao.bruno.Data";
				PRODUCT_NAME = "$(TARGET_NAME:c99extidentifier)";
				SDKROOT = macosx;
				SKIP_INSTALL = YES;
				SWIFT_VERSION = 5.0;
			};
			name = Release;
		};
		7184453626495E920000DF5C /* Debug */ = {
			isa = XCBuildConfiguration;
			buildSettings = {
				ALWAYS_EMBED_SWIFT_STANDARD_LIBRARIES = YES;
				CODE_SIGN_STYLE = Automatic;
				COMBINE_HIDPI_IMAGES = YES;
				DEVELOPMENT_TEAM = VX75476QM2;
				INFOPLIST_FILE = DataTests/Info.plist;
				LD_RUNPATH_SEARCH_PATHS = (
					"$(inherited)",
					"@executable_path/../Frameworks",
					"@loader_path/../Frameworks",
				);
				MACOSX_DEPLOYMENT_TARGET = 11.1;
				PRODUCT_BUNDLE_IDENTIFIER = "com.gmail-producao.bruno.DataTests";
				PRODUCT_NAME = "$(TARGET_NAME)";
				SDKROOT = macosx;
				SWIFT_VERSION = 5.0;
			};
			name = Debug;
		};
		7184453726495E920000DF5C /* Release */ = {
			isa = XCBuildConfiguration;
			buildSettings = {
				ALWAYS_EMBED_SWIFT_STANDARD_LIBRARIES = YES;
				CODE_SIGN_STYLE = Automatic;
				COMBINE_HIDPI_IMAGES = YES;
				DEVELOPMENT_TEAM = VX75476QM2;
				INFOPLIST_FILE = DataTests/Info.plist;
				LD_RUNPATH_SEARCH_PATHS = (
					"$(inherited)",
					"@executable_path/../Frameworks",
					"@loader_path/../Frameworks",
				);
				MACOSX_DEPLOYMENT_TARGET = 11.1;
				PRODUCT_BUNDLE_IDENTIFIER = "com.gmail-producao.bruno.DataTests";
				PRODUCT_NAME = "$(TARGET_NAME)";
				SDKROOT = macosx;
				SWIFT_VERSION = 5.0;
			};
			name = Release;
		};
/* End XCBuildConfiguration section */

/* Begin XCConfigurationList section */
		718444F426495A580000DF5C /* Build configuration list for PBXProject "CleanApp" */ = {
			isa = XCConfigurationList;
			buildConfigurations = (
				7184450026495A580000DF5C /* Debug */,
				7184450126495A580000DF5C /* Release */,
			);
			defaultConfigurationIsVisible = 0;
			defaultConfigurationName = Release;
		};
		7184451126495B710000DF5C /* Build configuration list for PBXNativeTarget "Domain" */ = {
			isa = XCConfigurationList;
			buildConfigurations = (
				7184451226495B710000DF5C /* Debug */,
				7184451326495B710000DF5C /* Release */,
			);
			defaultConfigurationIsVisible = 0;
			defaultConfigurationName = Release;
		};
		7184453226495E920000DF5C /* Build configuration list for PBXNativeTarget "Data" */ = {
			isa = XCConfigurationList;
			buildConfigurations = (
				7184453326495E920000DF5C /* Debug */,
				7184453426495E920000DF5C /* Release */,
			);
			defaultConfigurationIsVisible = 0;
			defaultConfigurationName = Release;
		};
		7184453526495E920000DF5C /* Build configuration list for PBXNativeTarget "DataTests" */ = {
			isa = XCConfigurationList;
			buildConfigurations = (
				7184453626495E920000DF5C /* Debug */,
				7184453726495E920000DF5C /* Release */,
			);
			defaultConfigurationIsVisible = 0;
			defaultConfigurationName = Release;
		};
/* End XCConfigurationList section */
	};
	rootObject = 718444F126495A580000DF5C /* Project object */;
}
