// !$*UTF8*$!
{
	archiveVersion = 1;
	classes = {
	};
	objectVersion = 52;
	objects = {

/* Begin PBXBuildFile section */
		715528EF264C090E009746CF /* Infra.framework in Frameworks */ = {isa = PBXBuildFile; fileRef = 715528E6264C090E009746CF /* Infra.framework */; };
		715528F4264C090E009746CF /* AlamofireAdapterTests.swift in Sources */ = {isa = PBXBuildFile; fileRef = 715528F3264C090E009746CF /* AlamofireAdapterTests.swift */; };
		71552909264C0A10009746CF /* Data.framework in Frameworks */ = {isa = PBXBuildFile; fileRef = 7184452126495E920000DF5C /* Data.framework */; };
		7155290A264C0A10009746CF /* Data.framework in Embed Frameworks */ = {isa = PBXBuildFile; fileRef = 7184452126495E920000DF5C /* Data.framework */; settings = {ATTRIBUTES = (CodeSignOnCopy, RemoveHeadersOnCopy, ); }; };
		7155290E264C0A2F009746CF /* TestExtensions.swift in Sources */ = {isa = PBXBuildFile; fileRef = 7171BCDA264AD8BA00A62BE9 /* TestExtensions.swift */; };
		71552912264C0A3B009746CF /* TestFactories.swift in Sources */ = {isa = PBXBuildFile; fileRef = 7171BCE0264AD9B800A62BE9 /* TestFactories.swift */; };
		71552918264C0B60009746CF /* Alamofire in Frameworks */ = {isa = PBXBuildFile; productRef = 71552917264C0B60009746CF /* Alamofire */; };
		7171BCD4264ACE4300A62BE9 /* ExtensionHelpers.swift in Sources */ = {isa = PBXBuildFile; fileRef = 7171BCD3264ACE4300A62BE9 /* ExtensionHelpers.swift */; };
		7171BCDB264AD8BA00A62BE9 /* TestExtensions.swift in Sources */ = {isa = PBXBuildFile; fileRef = 7171BCDA264AD8BA00A62BE9 /* TestExtensions.swift */; };
		7171BCE1264AD9B800A62BE9 /* TestFactories.swift in Sources */ = {isa = PBXBuildFile; fileRef = 7171BCE0264AD9B800A62BE9 /* TestFactories.swift */; };
		7171BCE6264ADA2E00A62BE9 /* HttpClientSpy.swift in Sources */ = {isa = PBXBuildFile; fileRef = 7171BCE5264ADA2E00A62BE9 /* HttpClientSpy.swift */; };
		7171BCEC264ADB1300A62BE9 /* AccountModelFactory.swift in Sources */ = {isa = PBXBuildFile; fileRef = 7171BCEB264ADB1300A62BE9 /* AccountModelFactory.swift */; };
		7184451726495C410000DF5C /* AddAccount.swift in Sources */ = {isa = PBXBuildFile; fileRef = 7184451626495C410000DF5C /* AddAccount.swift */; };
		7184451A26495D7D0000DF5C /* AccountModel.swift in Sources */ = {isa = PBXBuildFile; fileRef = 7184451926495D7D0000DF5C /* AccountModel.swift */; };
		7184452A26495E920000DF5C /* Data.framework in Frameworks */ = {isa = PBXBuildFile; fileRef = 7184452126495E920000DF5C /* Data.framework */; };
		7184452F26495E920000DF5C /* RemoteAddAccountTests.swift in Sources */ = {isa = PBXBuildFile; fileRef = 7184452E26495E920000DF5C /* RemoteAddAccountTests.swift */; };
		7184453F26495ED80000DF5C /* Domain.framework in Frameworks */ = {isa = PBXBuildFile; fileRef = 7184450C26495B710000DF5C /* Domain.framework */; };
		7184454026495ED80000DF5C /* Domain.framework in Embed Frameworks */ = {isa = PBXBuildFile; fileRef = 7184450C26495B710000DF5C /* Domain.framework */; settings = {ATTRIBUTES = (CodeSignOnCopy, RemoveHeadersOnCopy, ); }; };
		71844549264999E30000DF5C /* Model.swift in Sources */ = {isa = PBXBuildFile; fileRef = 71844548264999E30000DF5C /* Model.swift */; };
		7184454F26499AA90000DF5C /* RemoteAddAccount.swift in Sources */ = {isa = PBXBuildFile; fileRef = 7184454E26499AA90000DF5C /* RemoteAddAccount.swift */; };
		7184455326499B8C0000DF5C /* HttpPostClient.swift in Sources */ = {isa = PBXBuildFile; fileRef = 7184455226499B8C0000DF5C /* HttpPostClient.swift */; };
		7184456C2649A0050000DF5C /* DomainError.swift in Sources */ = {isa = PBXBuildFile; fileRef = 7184456B2649A0050000DF5C /* DomainError.swift */; };
		718445722649A2370000DF5C /* HttpError.swift in Sources */ = {isa = PBXBuildFile; fileRef = 718445712649A2370000DF5C /* HttpError.swift */; };
		71C409C3264C9A0B0078626B /* AlamofireAdapter.swift in Sources */ = {isa = PBXBuildFile; fileRef = 71C409C2264C9A0B0078626B /* AlamofireAdapter.swift */; };
/* End PBXBuildFile section */

/* Begin PBXContainerItemProxy section */
		715528F0264C090E009746CF /* PBXContainerItemProxy */ = {
			isa = PBXContainerItemProxy;
			containerPortal = 718444F126495A580000DF5C /* Project object */;
			proxyType = 1;
			remoteGlobalIDString = 715528E5264C090E009746CF;
			remoteInfo = Infra;
		};
		7155290B264C0A10009746CF /* PBXContainerItemProxy */ = {
			isa = PBXContainerItemProxy;
			containerPortal = 718444F126495A580000DF5C /* Project object */;
			proxyType = 1;
			remoteGlobalIDString = 7184452026495E920000DF5C;
			remoteInfo = Data;
		};
		7184452B26495E920000DF5C /* PBXContainerItemProxy */ = {
			isa = PBXContainerItemProxy;
			containerPortal = 718444F126495A580000DF5C /* Project object */;
			proxyType = 1;
			remoteGlobalIDString = 7184452026495E920000DF5C;
			remoteInfo = Data;
		};
		7184454126495ED80000DF5C /* PBXContainerItemProxy */ = {
			isa = PBXContainerItemProxy;
			containerPortal = 718444F126495A580000DF5C /* Project object */;
			proxyType = 1;
			remoteGlobalIDString = 7184450B26495B710000DF5C;
			remoteInfo = Domain;
		};
/* End PBXContainerItemProxy section */

/* Begin PBXCopyFilesBuildPhase section */
		7155290D264C0A10009746CF /* Embed Frameworks */ = {
			isa = PBXCopyFilesBuildPhase;
			buildActionMask = 2147483647;
			dstPath = "";
			dstSubfolderSpec = 10;
			files = (
				7155290A264C0A10009746CF /* Data.framework in Embed Frameworks */,
			);
			name = "Embed Frameworks";
			runOnlyForDeploymentPostprocessing = 0;
		};
		7184454326495ED80000DF5C /* Embed Frameworks */ = {
			isa = PBXCopyFilesBuildPhase;
			buildActionMask = 2147483647;
			dstPath = "";
			dstSubfolderSpec = 10;
			files = (
				7184454026495ED80000DF5C /* Domain.framework in Embed Frameworks */,
			);
			name = "Embed Frameworks";
			runOnlyForDeploymentPostprocessing = 0;
		};
/* End PBXCopyFilesBuildPhase section */

/* Begin PBXFileReference section */
		715528E6264C090E009746CF /* Infra.framework */ = {isa = PBXFileReference; explicitFileType = wrapper.framework; includeInIndex = 0; path = Infra.framework; sourceTree = BUILT_PRODUCTS_DIR; };
		715528E9264C090E009746CF /* Info.plist */ = {isa = PBXFileReference; lastKnownFileType = text.plist.xml; path = Info.plist; sourceTree = "<group>"; };
		715528EE264C090E009746CF /* InfraTests.xctest */ = {isa = PBXFileReference; explicitFileType = wrapper.cfbundle; includeInIndex = 0; path = InfraTests.xctest; sourceTree = BUILT_PRODUCTS_DIR; };
		715528F3264C090E009746CF /* AlamofireAdapterTests.swift */ = {isa = PBXFileReference; lastKnownFileType = sourcecode.swift; path = AlamofireAdapterTests.swift; sourceTree = "<group>"; };
		715528F5264C090E009746CF /* Info.plist */ = {isa = PBXFileReference; lastKnownFileType = text.plist.xml; path = Info.plist; sourceTree = "<group>"; };
		7171BCD3264ACE4300A62BE9 /* ExtensionHelpers.swift */ = {isa = PBXFileReference; lastKnownFileType = sourcecode.swift; path = ExtensionHelpers.swift; sourceTree = "<group>"; };
		7171BCDA264AD8BA00A62BE9 /* TestExtensions.swift */ = {isa = PBXFileReference; lastKnownFileType = sourcecode.swift; path = TestExtensions.swift; sourceTree = "<group>"; };
		7171BCE0264AD9B800A62BE9 /* TestFactories.swift */ = {isa = PBXFileReference; lastKnownFileType = sourcecode.swift; path = TestFactories.swift; sourceTree = "<group>"; };
		7171BCE5264ADA2E00A62BE9 /* HttpClientSpy.swift */ = {isa = PBXFileReference; lastKnownFileType = sourcecode.swift; path = HttpClientSpy.swift; sourceTree = "<group>"; };
		7171BCEB264ADB1300A62BE9 /* AccountModelFactory.swift */ = {isa = PBXFileReference; lastKnownFileType = sourcecode.swift; path = AccountModelFactory.swift; sourceTree = "<group>"; };
		7184450C26495B710000DF5C /* Domain.framework */ = {isa = PBXFileReference; explicitFileType = wrapper.framework; includeInIndex = 0; path = Domain.framework; sourceTree = BUILT_PRODUCTS_DIR; };
		7184450F26495B710000DF5C /* Info.plist */ = {isa = PBXFileReference; lastKnownFileType = text.plist.xml; path = Info.plist; sourceTree = "<group>"; };
		7184451626495C410000DF5C /* AddAccount.swift */ = {isa = PBXFileReference; lastKnownFileType = sourcecode.swift; path = AddAccount.swift; sourceTree = "<group>"; };
		7184451926495D7D0000DF5C /* AccountModel.swift */ = {isa = PBXFileReference; lastKnownFileType = sourcecode.swift; path = AccountModel.swift; sourceTree = "<group>"; };
		7184452126495E920000DF5C /* Data.framework */ = {isa = PBXFileReference; explicitFileType = wrapper.framework; includeInIndex = 0; path = Data.framework; sourceTree = BUILT_PRODUCTS_DIR; };
		7184452426495E920000DF5C /* Info.plist */ = {isa = PBXFileReference; lastKnownFileType = text.plist.xml; path = Info.plist; sourceTree = "<group>"; };
		7184452926495E920000DF5C /* DataTests.xctest */ = {isa = PBXFileReference; explicitFileType = wrapper.cfbundle; includeInIndex = 0; path = DataTests.xctest; sourceTree = BUILT_PRODUCTS_DIR; };
		7184452E26495E920000DF5C /* RemoteAddAccountTests.swift */ = {isa = PBXFileReference; lastKnownFileType = sourcecode.swift; path = RemoteAddAccountTests.swift; sourceTree = "<group>"; };
		7184453026495E920000DF5C /* Info.plist */ = {isa = PBXFileReference; lastKnownFileType = text.plist.xml; path = Info.plist; sourceTree = "<group>"; };
		71844548264999E30000DF5C /* Model.swift */ = {isa = PBXFileReference; lastKnownFileType = sourcecode.swift; path = Model.swift; sourceTree = "<group>"; };
		7184454E26499AA90000DF5C /* RemoteAddAccount.swift */ = {isa = PBXFileReference; lastKnownFileType = sourcecode.swift; path = RemoteAddAccount.swift; sourceTree = "<group>"; };
		7184455226499B8C0000DF5C /* HttpPostClient.swift */ = {isa = PBXFileReference; lastKnownFileType = sourcecode.swift; path = HttpPostClient.swift; sourceTree = "<group>"; };
		7184456B2649A0050000DF5C /* DomainError.swift */ = {isa = PBXFileReference; lastKnownFileType = sourcecode.swift; path = DomainError.swift; sourceTree = "<group>"; };
		718445712649A2370000DF5C /* HttpError.swift */ = {isa = PBXFileReference; lastKnownFileType = sourcecode.swift; path = HttpError.swift; sourceTree = "<group>"; };
		71C409C2264C9A0B0078626B /* AlamofireAdapter.swift */ = {isa = PBXFileReference; lastKnownFileType = sourcecode.swift; path = AlamofireAdapter.swift; sourceTree = "<group>"; };
/* End PBXFileReference section */

/* Begin PBXFrameworksBuildPhase section */
		715528E3264C090E009746CF /* Frameworks */ = {
			isa = PBXFrameworksBuildPhase;
			buildActionMask = 2147483647;
			files = (
				71552909264C0A10009746CF /* Data.framework in Frameworks */,
				71552918264C0B60009746CF /* Alamofire in Frameworks */,
			);
			runOnlyForDeploymentPostprocessing = 0;
		};
		715528EB264C090E009746CF /* Frameworks */ = {
			isa = PBXFrameworksBuildPhase;
			buildActionMask = 2147483647;
			files = (
				715528EF264C090E009746CF /* Infra.framework in Frameworks */,
			);
			runOnlyForDeploymentPostprocessing = 0;
		};
		7184450926495B710000DF5C /* Frameworks */ = {
			isa = PBXFrameworksBuildPhase;
			buildActionMask = 2147483647;
			files = (
			);
			runOnlyForDeploymentPostprocessing = 0;
		};
		7184451E26495E920000DF5C /* Frameworks */ = {
			isa = PBXFrameworksBuildPhase;
			buildActionMask = 2147483647;
			files = (
				7184453F26495ED80000DF5C /* Domain.framework in Frameworks */,
			);
			runOnlyForDeploymentPostprocessing = 0;
		};
		7184452626495E920000DF5C /* Frameworks */ = {
			isa = PBXFrameworksBuildPhase;
			buildActionMask = 2147483647;
			files = (
				7184452A26495E920000DF5C /* Data.framework in Frameworks */,
			);
			runOnlyForDeploymentPostprocessing = 0;
		};
/* End PBXFrameworksBuildPhase section */

/* Begin PBXGroup section */
		715528E7264C090E009746CF /* Infra */ = {
			isa = PBXGroup;
			children = (
				71C409C7264C9A710078626B /* Http */,
				715528E9264C090E009746CF /* Info.plist */,
			);
			path = Infra;
			sourceTree = "<group>";
		};
		715528F2264C090E009746CF /* InfraTests */ = {
			isa = PBXGroup;
			children = (
				715528F3264C090E009746CF /* AlamofireAdapterTests.swift */,
				715528F5264C090E009746CF /* Info.plist */,
			);
			path = InfraTests;
			sourceTree = "<group>";
		};
		7171BCD2264ACE2D00A62BE9 /* Helpers */ = {
			isa = PBXGroup;
			children = (
				7171BCD3264ACE4300A62BE9 /* ExtensionHelpers.swift */,
			);
			path = Helpers;
			sourceTree = "<group>";
		};
		7171BCD9264AD89E00A62BE9 /* Helpers */ = {
			isa = PBXGroup;
			children = (
				7171BCDA264AD8BA00A62BE9 /* TestExtensions.swift */,
				7171BCE0264AD9B800A62BE9 /* TestFactories.swift */,
				7171BCEB264ADB1300A62BE9 /* AccountModelFactory.swift */,
			);
			path = Helpers;
			sourceTree = "<group>";
		};
		7171BCE4264ADA1300A62BE9 /* Http */ = {
			isa = PBXGroup;
			children = (
				7171BCE5264ADA2E00A62BE9 /* HttpClientSpy.swift */,
			);
			path = Http;
			sourceTree = "<group>";
		};
		718444F026495A580000DF5C = {
			isa = PBXGroup;
			children = (
				7184450D26495B710000DF5C /* Domain */,
				7184452226495E920000DF5C /* Data */,
				7184452D26495E920000DF5C /* DataTests */,
				715528E7264C090E009746CF /* Infra */,
				715528F2264C090E009746CF /* InfraTests */,
				718444FB26495A580000DF5C /* Products */,
				7184453E26495ED80000DF5C /* Frameworks */,
			);
			sourceTree = "<group>";
		};
		718444FB26495A580000DF5C /* Products */ = {
			isa = PBXGroup;
			children = (
				7184450C26495B710000DF5C /* Domain.framework */,
				7184452126495E920000DF5C /* Data.framework */,
				7184452926495E920000DF5C /* DataTests.xctest */,
				715528E6264C090E009746CF /* Infra.framework */,
				715528EE264C090E009746CF /* InfraTests.xctest */,
			);
			name = Products;
			sourceTree = "<group>";
		};
		7184450D26495B710000DF5C /* Domain */ = {
			isa = PBXGroup;
			children = (
				7184455B26499C970000DF5C /* UseCases */,
				7184456926499FE20000DF5C /* Errors */,
				7184455826499C8D0000DF5C /* Models */,
				7184450F26495B710000DF5C /* Info.plist */,
			);
			path = Domain;
			sourceTree = "<group>";
		};
		7184452226495E920000DF5C /* Data */ = {
			isa = PBXGroup;
			children = (
				7171BCD2264ACE2D00A62BE9 /* Helpers */,
				7184456126499CC10000DF5C /* UseCases */,
				7184455E26499CB80000DF5C /* Http */,
				7184452426495E920000DF5C /* Info.plist */,
			);
			path = Data;
			sourceTree = "<group>";
		};
		7184452D26495E920000DF5C /* DataTests */ = {
			isa = PBXGroup;
			children = (
				7171BCD9264AD89E00A62BE9 /* Helpers */,
				7184456426499CDB0000DF5C /* UseCases */,
				7171BCE4264ADA1300A62BE9 /* Http */,
				7184453026495E920000DF5C /* Info.plist */,
			);
			path = DataTests;
			sourceTree = "<group>";
		};
		7184453E26495ED80000DF5C /* Frameworks */ = {
			isa = PBXGroup;
			children = (
			);
			name = Frameworks;
			sourceTree = "<group>";
		};
		7184455826499C8D0000DF5C /* Models */ = {
			isa = PBXGroup;
			children = (
				7184451926495D7D0000DF5C /* AccountModel.swift */,
				71844548264999E30000DF5C /* Model.swift */,
			);
			path = Models;
			sourceTree = "<group>";
		};
		7184455B26499C970000DF5C /* UseCases */ = {
			isa = PBXGroup;
			children = (
				7184451626495C410000DF5C /* AddAccount.swift */,
			);
			path = UseCases;
			sourceTree = "<group>";
		};
		7184455E26499CB80000DF5C /* Http */ = {
			isa = PBXGroup;
			children = (
				7184455226499B8C0000DF5C /* HttpPostClient.swift */,
				718445712649A2370000DF5C /* HttpError.swift */,
			);
			path = Http;
			sourceTree = "<group>";
		};
		7184456126499CC10000DF5C /* UseCases */ = {
			isa = PBXGroup;
			children = (
				7184454E26499AA90000DF5C /* RemoteAddAccount.swift */,
			);
			path = UseCases;
			sourceTree = "<group>";
		};
		7184456426499CDB0000DF5C /* UseCases */ = {
			isa = PBXGroup;
			children = (
				7184452E26495E920000DF5C /* RemoteAddAccountTests.swift */,
			);
			path = UseCases;
			sourceTree = "<group>";
		};
		7184456926499FE20000DF5C /* Errors */ = {
			isa = PBXGroup;
			children = (
				7184456B2649A0050000DF5C /* DomainError.swift */,
			);
			path = Errors;
			sourceTree = "<group>";
		};
		71C409C7264C9A710078626B /* Http */ = {
			isa = PBXGroup;
			children = (
				71C409C2264C9A0B0078626B /* AlamofireAdapter.swift */,
			);
			path = Http;
			sourceTree = "<group>";
		};
/* End PBXGroup section */

/* Begin PBXHeadersBuildPhase section */
		715528E1264C090E009746CF /* Headers */ = {
			isa = PBXHeadersBuildPhase;
			buildActionMask = 2147483647;
			files = (
			);
			runOnlyForDeploymentPostprocessing = 0;
		};
		7184450726495B710000DF5C /* Headers */ = {
			isa = PBXHeadersBuildPhase;
			buildActionMask = 2147483647;
			files = (
			);
			runOnlyForDeploymentPostprocessing = 0;
		};
		7184451C26495E920000DF5C /* Headers */ = {
			isa = PBXHeadersBuildPhase;
			buildActionMask = 2147483647;
			files = (
			);
			runOnlyForDeploymentPostprocessing = 0;
		};
/* End PBXHeadersBuildPhase section */

/* Begin PBXNativeTarget section */
		715528E5264C090E009746CF /* Infra */ = {
			isa = PBXNativeTarget;
			buildConfigurationList = 715528FB264C090E009746CF /* Build configuration list for PBXNativeTarget "Infra" */;
			buildPhases = (
				715528E1264C090E009746CF /* Headers */,
				715528E2264C090E009746CF /* Sources */,
				715528E3264C090E009746CF /* Frameworks */,
				715528E4264C090E009746CF /* Resources */,
				7155290D264C0A10009746CF /* Embed Frameworks */,
			);
			buildRules = (
			);
			dependencies = (
				7155290C264C0A10009746CF /* PBXTargetDependency */,
			);
			name = Infra;
			packageProductDependencies = (
				71552917264C0B60009746CF /* Alamofire */,
			);
			productName = Infra;
			productReference = 715528E6264C090E009746CF /* Infra.framework */;
			productType = "com.apple.product-type.framework";
		};
		715528ED264C090E009746CF /* InfraTests */ = {
			isa = PBXNativeTarget;
			buildConfigurationList = 715528FC264C090E009746CF /* Build configuration list for PBXNativeTarget "InfraTests" */;
			buildPhases = (
				715528EA264C090E009746CF /* Sources */,
				715528EB264C090E009746CF /* Frameworks */,
				715528EC264C090E009746CF /* Resources */,
			);
			buildRules = (
			);
			dependencies = (
				715528F1264C090E009746CF /* PBXTargetDependency */,
			);
			name = InfraTests;
			productName = InfraTests;
			productReference = 715528EE264C090E009746CF /* InfraTests.xctest */;
			productType = "com.apple.product-type.bundle.unit-test";
		};
		7184450B26495B710000DF5C /* Domain */ = {
			isa = PBXNativeTarget;
			buildConfigurationList = 7184451126495B710000DF5C /* Build configuration list for PBXNativeTarget "Domain" */;
			buildPhases = (
				7184450726495B710000DF5C /* Headers */,
				7184450826495B710000DF5C /* Sources */,
				7184450926495B710000DF5C /* Frameworks */,
				7184450A26495B710000DF5C /* Resources */,
			);
			buildRules = (
			);
			dependencies = (
			);
			name = Domain;
			productName = Domain;
			productReference = 7184450C26495B710000DF5C /* Domain.framework */;
			productType = "com.apple.product-type.framework";
		};
		7184452026495E920000DF5C /* Data */ = {
			isa = PBXNativeTarget;
			buildConfigurationList = 7184453226495E920000DF5C /* Build configuration list for PBXNativeTarget "Data" */;
			buildPhases = (
				7184451C26495E920000DF5C /* Headers */,
				7184451D26495E920000DF5C /* Sources */,
				7184451E26495E920000DF5C /* Frameworks */,
				7184451F26495E920000DF5C /* Resources */,
				7184454326495ED80000DF5C /* Embed Frameworks */,
			);
			buildRules = (
			);
			dependencies = (
				7184454226495ED80000DF5C /* PBXTargetDependency */,
			);
			name = Data;
			productName = Data;
			productReference = 7184452126495E920000DF5C /* Data.framework */;
			productType = "com.apple.product-type.framework";
		};
		7184452826495E920000DF5C /* DataTests */ = {
			isa = PBXNativeTarget;
			buildConfigurationList = 7184453526495E920000DF5C /* Build configuration list for PBXNativeTarget "DataTests" */;
			buildPhases = (
				7184452526495E920000DF5C /* Sources */,
				7184452626495E920000DF5C /* Frameworks */,
				7184452726495E920000DF5C /* Resources */,
			);
			buildRules = (
			);
			dependencies = (
				7184452C26495E920000DF5C /* PBXTargetDependency */,
			);
			name = DataTests;
			productName = DataTests;
			productReference = 7184452926495E920000DF5C /* DataTests.xctest */;
			productType = "com.apple.product-type.bundle.unit-test";
		};
/* End PBXNativeTarget section */

/* Begin PBXProject section */
		718444F126495A580000DF5C /* Project object */ = {
			isa = PBXProject;
			attributes = {
				LastSwiftUpdateCheck = 1240;
				LastUpgradeCheck = 1240;
				TargetAttributes = {
					715528E5264C090E009746CF = {
						CreatedOnToolsVersion = 12.4;
						LastSwiftMigration = 1240;
					};
					715528ED264C090E009746CF = {
						CreatedOnToolsVersion = 12.4;
					};
					7184450B26495B710000DF5C = {
						CreatedOnToolsVersion = 12.4;
						LastSwiftMigration = 1240;
					};
					7184452026495E920000DF5C = {
						CreatedOnToolsVersion = 12.4;
						LastSwiftMigration = 1240;
					};
					7184452826495E920000DF5C = {
						CreatedOnToolsVersion = 12.4;
					};
				};
			};
			buildConfigurationList = 718444F426495A580000DF5C /* Build configuration list for PBXProject "CleanApp" */;
			compatibilityVersion = "Xcode 9.3";
			developmentRegion = en;
			hasScannedForEncodings = 0;
			knownRegions = (
				en,
				Base,
			);
			mainGroup = 718444F026495A580000DF5C;
			packageReferences = (
				71552916264C0B60009746CF /* XCRemoteSwiftPackageReference "Alamofire" */,
			);
			productRefGroup = 718444FB26495A580000DF5C /* Products */;
			projectDirPath = "";
			projectRoot = "";
			targets = (
				7184450B26495B710000DF5C /* Domain */,
				7184452026495E920000DF5C /* Data */,
				7184452826495E920000DF5C /* DataTests */,
				715528E5264C090E009746CF /* Infra */,
				715528ED264C090E009746CF /* InfraTests */,
			);
		};
/* End PBXProject section */

/* Begin PBXResourcesBuildPhase section */
		715528E4264C090E009746CF /* Resources */ = {
			isa = PBXResourcesBuildPhase;
			buildActionMask = 2147483647;
			files = (
			);
			runOnlyForDeploymentPostprocessing = 0;
		};
		715528EC264C090E009746CF /* Resources */ = {
			isa = PBXResourcesBuildPhase;
			buildActionMask = 2147483647;
			files = (
			);
			runOnlyForDeploymentPostprocessing = 0;
		};
		7184450A26495B710000DF5C /* Resources */ = {
			isa = PBXResourcesBuildPhase;
			buildActionMask = 2147483647;
			files = (
			);
			runOnlyForDeploymentPostprocessing = 0;
		};
		7184451F26495E920000DF5C /* Resources */ = {
			isa = PBXResourcesBuildPhase;
			buildActionMask = 2147483647;
			files = (
			);
			runOnlyForDeploymentPostprocessing = 0;
		};
		7184452726495E920000DF5C /* Resources */ = {
			isa = PBXResourcesBuildPhase;
			buildActionMask = 2147483647;
			files = (
			);
			runOnlyForDeploymentPostprocessing = 0;
		};
/* End PBXResourcesBuildPhase section */

/* Begin PBXSourcesBuildPhase section */
		715528E2264C090E009746CF /* Sources */ = {
			isa = PBXSourcesBuildPhase;
			buildActionMask = 2147483647;
			files = (
				71C409C3264C9A0B0078626B /* AlamofireAdapter.swift in Sources */,
			);
			runOnlyForDeploymentPostprocessing = 0;
		};
		715528EA264C090E009746CF /* Sources */ = {
			isa = PBXSourcesBuildPhase;
			buildActionMask = 2147483647;
			files = (
				71552912264C0A3B009746CF /* TestFactories.swift in Sources */,
				715528F4264C090E009746CF /* AlamofireAdapterTests.swift in Sources */,
				7155290E264C0A2F009746CF /* TestExtensions.swift in Sources */,
			);
			runOnlyForDeploymentPostprocessing = 0;
		};
		7184450826495B710000DF5C /* Sources */ = {
			isa = PBXSourcesBuildPhase;
			buildActionMask = 2147483647;
			files = (
				71844549264999E30000DF5C /* Model.swift in Sources */,
				7184451726495C410000DF5C /* AddAccount.swift in Sources */,
				7184456C2649A0050000DF5C /* DomainError.swift in Sources */,
				7184451A26495D7D0000DF5C /* AccountModel.swift in Sources */,
			);
			runOnlyForDeploymentPostprocessing = 0;
		};
		7184451D26495E920000DF5C /* Sources */ = {
			isa = PBXSourcesBuildPhase;
			buildActionMask = 2147483647;
			files = (
				7184455326499B8C0000DF5C /* HttpPostClient.swift in Sources */,
				7171BCD4264ACE4300A62BE9 /* ExtensionHelpers.swift in Sources */,
				718445722649A2370000DF5C /* HttpError.swift in Sources */,
				7184454F26499AA90000DF5C /* RemoteAddAccount.swift in Sources */,
			);
			runOnlyForDeploymentPostprocessing = 0;
		};
		7184452526495E920000DF5C /* Sources */ = {
			isa = PBXSourcesBuildPhase;
			buildActionMask = 2147483647;
			files = (
				7171BCE1264AD9B800A62BE9 /* TestFactories.swift in Sources */,
				7171BCE6264ADA2E00A62BE9 /* HttpClientSpy.swift in Sources */,
				7184452F26495E920000DF5C /* RemoteAddAccountTests.swift in Sources */,
				7171BCEC264ADB1300A62BE9 /* AccountModelFactory.swift in Sources */,
				7171BCDB264AD8BA00A62BE9 /* TestExtensions.swift in Sources */,
			);
			runOnlyForDeploymentPostprocessing = 0;
		};
/* End PBXSourcesBuildPhase section */

/* Begin PBXTargetDependency section */
		715528F1264C090E009746CF /* PBXTargetDependency */ = {
			isa = PBXTargetDependency;
			target = 715528E5264C090E009746CF /* Infra */;
			targetProxy = 715528F0264C090E009746CF /* PBXContainerItemProxy */;
		};
		7155290C264C0A10009746CF /* PBXTargetDependency */ = {
			isa = PBXTargetDependency;
			target = 7184452026495E920000DF5C /* Data */;
			targetProxy = 7155290B264C0A10009746CF /* PBXContainerItemProxy */;
		};
		7184452C26495E920000DF5C /* PBXTargetDependency */ = {
			isa = PBXTargetDependency;
			target = 7184452026495E920000DF5C /* Data */;
			targetProxy = 7184452B26495E920000DF5C /* PBXContainerItemProxy */;
		};
		7184454226495ED80000DF5C /* PBXTargetDependency */ = {
			isa = PBXTargetDependency;
			target = 7184450B26495B710000DF5C /* Domain */;
			targetProxy = 7184454126495ED80000DF5C /* PBXContainerItemProxy */;
		};
/* End PBXTargetDependency section */

/* Begin XCBuildConfiguration section */
		715528F7264C090E009746CF /* Debug */ = {
			isa = XCBuildConfiguration;
			buildSettings = {
				CLANG_ENABLE_MODULES = YES;
				CODE_SIGN_STYLE = Automatic;
				COMBINE_HIDPI_IMAGES = YES;
				DEFINES_MODULE = YES;
				DEVELOPMENT_TEAM = VX75476QM2;
				DYLIB_COMPATIBILITY_VERSION = 1;
				DYLIB_CURRENT_VERSION = 1;
				DYLIB_INSTALL_NAME_BASE = "@rpath";
				INFOPLIST_FILE = Infra/Info.plist;
				INSTALL_PATH = "$(LOCAL_LIBRARY_DIR)/Frameworks";
				LD_RUNPATH_SEARCH_PATHS = (
					"$(inherited)",
					"@executable_path/../Frameworks",
					"@loader_path/Frameworks",
				);
				MACOSX_DEPLOYMENT_TARGET = 11.1;
				PRODUCT_BUNDLE_IDENTIFIER = "com.gmail-producao.bruno.Infra";
				PRODUCT_NAME = "$(TARGET_NAME:c99extidentifier)";
				SDKROOT = macosx;
				SKIP_INSTALL = YES;
				SWIFT_OPTIMIZATION_LEVEL = "-Onone";
				SWIFT_VERSION = 5.0;
			};
			name = Debug;
		};
		715528F8264C090E009746CF /* Release */ = {
			isa = XCBuildConfiguration;
			buildSettings = {
				CLANG_ENABLE_MODULES = YES;
				CODE_SIGN_STYLE = Automatic;
				COMBINE_HIDPI_IMAGES = YES;
				DEFINES_MODULE = YES;
				DEVELOPMENT_TEAM = VX75476QM2;
				DYLIB_COMPATIBILITY_VERSION = 1;
				DYLIB_CURRENT_VERSION = 1;
				DYLIB_INSTALL_NAME_BASE = "@rpath";
				INFOPLIST_FILE = Infra/Info.plist;
				INSTALL_PATH = "$(LOCAL_LIBRARY_DIR)/Frameworks";
				LD_RUNPATH_SEARCH_PATHS = (
					"$(inherited)",
					"@executable_path/../Frameworks",
					"@loader_path/Frameworks",
				);
				MACOSX_DEPLOYMENT_TARGET = 11.1;
				PRODUCT_BUNDLE_IDENTIFIER = "com.gmail-producao.bruno.Infra";
				PRODUCT_NAME = "$(TARGET_NAME:c99extidentifier)";
				SDKROOT = macosx;
				SKIP_INSTALL = YES;
				SWIFT_VERSION = 5.0;
			};
			name = Release;
		};
		715528F9264C090E009746CF /* Debug */ = {
			isa = XCBuildConfiguration;
			buildSettings = {
				ALWAYS_EMBED_SWIFT_STANDARD_LIBRARIES = YES;
				CODE_SIGN_STYLE = Automatic;
				COMBINE_HIDPI_IMAGES = YES;
				DEVELOPMENT_TEAM = VX75476QM2;
				INFOPLIST_FILE = InfraTests/Info.plist;
				LD_RUNPATH_SEARCH_PATHS = (
					"$(inherited)",
					"@executable_path/../Frameworks",
					"@loader_path/../Frameworks",
				);
				MACOSX_DEPLOYMENT_TARGET = 11.1;
				PRODUCT_BUNDLE_IDENTIFIER = "com.gmail-producao.bruno.InfraTests";
				PRODUCT_NAME = "$(TARGET_NAME)";
				SDKROOT = macosx;
				SWIFT_VERSION = 5.0;
			};
			name = Debug;
		};
		715528FA264C090E009746CF /* Release */ = {
			isa = XCBuildConfiguration;
			buildSettings = {
				ALWAYS_EMBED_SWIFT_STANDARD_LIBRARIES = YES;
				CODE_SIGN_STYLE = Automatic;
				COMBINE_HIDPI_IMAGES = YES;
				DEVELOPMENT_TEAM = VX75476QM2;
				INFOPLIST_FILE = InfraTests/Info.plist;
				LD_RUNPATH_SEARCH_PATHS = (
					"$(inherited)",
					"@executable_path/../Frameworks",
					"@loader_path/../Frameworks",
				);
				MACOSX_DEPLOYMENT_TARGET = 11.1;
				PRODUCT_BUNDLE_IDENTIFIER = "com.gmail-producao.bruno.InfraTests";
				PRODUCT_NAME = "$(TARGET_NAME)";
				SDKROOT = macosx;
				SWIFT_VERSION = 5.0;
			};
			name = Release;
		};
		7184450026495A580000DF5C /* Debug */ = {
			isa = XCBuildConfiguration;
			buildSettings = {
				ALWAYS_SEARCH_USER_PATHS = NO;
				CLANG_ANALYZER_NONNULL = YES;
				CLANG_ANALYZER_NUMBER_OBJECT_CONVERSION = YES_AGGRESSIVE;
				CLANG_CXX_LANGUAGE_STANDARD = "gnu++14";
				CLANG_CXX_LIBRARY = "libc++";
				CLANG_ENABLE_MODULES = YES;
				CLANG_ENABLE_OBJC_ARC = YES;
				CLANG_ENABLE_OBJC_WEAK = YES;
				CLANG_WARN_BLOCK_CAPTURE_AUTORELEASING = YES;
				CLANG_WARN_BOOL_CONVERSION = YES;
				CLANG_WARN_COMMA = YES;
				CLANG_WARN_CONSTANT_CONVERSION = YES;
				CLANG_WARN_DEPRECATED_OBJC_IMPLEMENTATIONS = YES;
				CLANG_WARN_DIRECT_OBJC_ISA_USAGE = YES_ERROR;
				CLANG_WARN_DOCUMENTATION_COMMENTS = YES;
				CLANG_WARN_EMPTY_BODY = YES;
				CLANG_WARN_ENUM_CONVERSION = YES;
				CLANG_WARN_INFINITE_RECURSION = YES;
				CLANG_WARN_INT_CONVERSION = YES;
				CLANG_WARN_NON_LITERAL_NULL_CONVERSION = YES;
				CLANG_WARN_OBJC_IMPLICIT_RETAIN_SELF = YES;
				CLANG_WARN_OBJC_LITERAL_CONVERSION = YES;
				CLANG_WARN_OBJC_ROOT_CLASS = YES_ERROR;
				CLANG_WARN_QUOTED_INCLUDE_IN_FRAMEWORK_HEADER = YES;
				CLANG_WARN_RANGE_LOOP_ANALYSIS = YES;
				CLANG_WARN_STRICT_PROTOTYPES = YES;
				CLANG_WARN_SUSPICIOUS_MOVE = YES;
				CLANG_WARN_UNGUARDED_AVAILABILITY = YES_AGGRESSIVE;
				CLANG_WARN_UNREACHABLE_CODE = YES;
				CLANG_WARN__DUPLICATE_METHOD_MATCH = YES;
				COPY_PHASE_STRIP = NO;
				CURRENT_PROJECT_VERSION = 1;
				DEBUG_INFORMATION_FORMAT = dwarf;
				ENABLE_STRICT_OBJC_MSGSEND = YES;
				ENABLE_TESTABILITY = YES;
				GCC_C_LANGUAGE_STANDARD = gnu11;
				GCC_DYNAMIC_NO_PIC = NO;
				GCC_NO_COMMON_BLOCKS = YES;
				GCC_OPTIMIZATION_LEVEL = 0;
				GCC_PREPROCESSOR_DEFINITIONS = (
					"DEBUG=1",
					"$(inherited)",
				);
				GCC_WARN_64_TO_32_BIT_CONVERSION = YES;
				GCC_WARN_ABOUT_RETURN_TYPE = YES_ERROR;
				GCC_WARN_UNDECLARED_SELECTOR = YES;
				GCC_WARN_UNINITIALIZED_AUTOS = YES_AGGRESSIVE;
				GCC_WARN_UNUSED_FUNCTION = YES;
				GCC_WARN_UNUSED_VARIABLE = YES;
				IPHONEOS_DEPLOYMENT_TARGET = 14.4;
				MTL_ENABLE_DEBUG_INFO = INCLUDE_SOURCE;
				MTL_FAST_MATH = YES;
				ONLY_ACTIVE_ARCH = YES;
				SDKROOT = iphoneos;
				SWIFT_ACTIVE_COMPILATION_CONDITIONS = DEBUG;
				SWIFT_OPTIMIZATION_LEVEL = "-Onone";
				VERSIONING_SYSTEM = "apple-generic";
				VERSION_INFO_PREFIX = "";
			};
			name = Debug;
		};
		7184450126495A580000DF5C /* Release */ = {
			isa = XCBuildConfiguration;
			buildSettings = {
				ALWAYS_SEARCH_USER_PATHS = NO;
				CLANG_ANALYZER_NONNULL = YES;
				CLANG_ANALYZER_NUMBER_OBJECT_CONVERSION = YES_AGGRESSIVE;
				CLANG_CXX_LANGUAGE_STANDARD = "gnu++14";
				CLANG_CXX_LIBRARY = "libc++";
				CLANG_ENABLE_MODULES = YES;
				CLANG_ENABLE_OBJC_ARC = YES;
				CLANG_ENABLE_OBJC_WEAK = YES;
				CLANG_WARN_BLOCK_CAPTURE_AUTORELEASING = YES;
				CLANG_WARN_BOOL_CONVERSION = YES;
				CLANG_WARN_COMMA = YES;
				CLANG_WARN_CONSTANT_CONVERSION = YES;
				CLANG_WARN_DEPRECATED_OBJC_IMPLEMENTATIONS = YES;
				CLANG_WARN_DIRECT_OBJC_ISA_USAGE = YES_ERROR;
				CLANG_WARN_DOCUMENTATION_COMMENTS = YES;
				CLANG_WARN_EMPTY_BODY = YES;
				CLANG_WARN_ENUM_CONVERSION = YES;
				CLANG_WARN_INFINITE_RECURSION = YES;
				CLANG_WARN_INT_CONVERSION = YES;
				CLANG_WARN_NON_LITERAL_NULL_CONVERSION = YES;
				CLANG_WARN_OBJC_IMPLICIT_RETAIN_SELF = YES;
				CLANG_WARN_OBJC_LITERAL_CONVERSION = YES;
				CLANG_WARN_OBJC_ROOT_CLASS = YES_ERROR;
				CLANG_WARN_QUOTED_INCLUDE_IN_FRAMEWORK_HEADER = YES;
				CLANG_WARN_RANGE_LOOP_ANALYSIS = YES;
				CLANG_WARN_STRICT_PROTOTYPES = YES;
				CLANG_WARN_SUSPICIOUS_MOVE = YES;
				CLANG_WARN_UNGUARDED_AVAILABILITY = YES_AGGRESSIVE;
				CLANG_WARN_UNREACHABLE_CODE = YES;
				CLANG_WARN__DUPLICATE_METHOD_MATCH = YES;
				COPY_PHASE_STRIP = NO;
				CURRENT_PROJECT_VERSION = 1;
				DEBUG_INFORMATION_FORMAT = "dwarf-with-dsym";
				ENABLE_NS_ASSERTIONS = NO;
				ENABLE_STRICT_OBJC_MSGSEND = YES;
				GCC_C_LANGUAGE_STANDARD = gnu11;
				GCC_NO_COMMON_BLOCKS = YES;
				GCC_WARN_64_TO_32_BIT_CONVERSION = YES;
				GCC_WARN_ABOUT_RETURN_TYPE = YES_ERROR;
				GCC_WARN_UNDECLARED_SELECTOR = YES;
				GCC_WARN_UNINITIALIZED_AUTOS = YES_AGGRESSIVE;
				GCC_WARN_UNUSED_FUNCTION = YES;
				GCC_WARN_UNUSED_VARIABLE = YES;
				IPHONEOS_DEPLOYMENT_TARGET = 14.4;
				MTL_ENABLE_DEBUG_INFO = NO;
				MTL_FAST_MATH = YES;
				SDKROOT = iphoneos;
				SWIFT_COMPILATION_MODE = wholemodule;
				SWIFT_OPTIMIZATION_LEVEL = "-O";
				VALIDATE_PRODUCT = YES;
				VERSIONING_SYSTEM = "apple-generic";
				VERSION_INFO_PREFIX = "";
			};
			name = Release;
		};
		7184451226495B710000DF5C /* Debug */ = {
			isa = XCBuildConfiguration;
			buildSettings = {
				CLANG_ENABLE_MODULES = YES;
				CODE_SIGN_STYLE = Automatic;
				COMBINE_HIDPI_IMAGES = YES;
				DEFINES_MODULE = YES;
				DEVELOPMENT_TEAM = VX75476QM2;
				DYLIB_COMPATIBILITY_VERSION = 1;
				DYLIB_CURRENT_VERSION = 1;
				DYLIB_INSTALL_NAME_BASE = "@rpath";
				INFOPLIST_FILE = Domain/Info.plist;
				INSTALL_PATH = "$(LOCAL_LIBRARY_DIR)/Frameworks";
				LD_RUNPATH_SEARCH_PATHS = (
					"$(inherited)",
					"@executable_path/../Frameworks",
					"@loader_path/Frameworks",
				);
				MACOSX_DEPLOYMENT_TARGET = 11.1;
				PRODUCT_BUNDLE_IDENTIFIER = "com.gmail-producao.bruno.Domain";
				PRODUCT_NAME = "$(TARGET_NAME:c99extidentifier)";
				SDKROOT = macosx;
				SKIP_INSTALL = YES;
				SWIFT_OPTIMIZATION_LEVEL = "-Onone";
				SWIFT_VERSION = 5.0;
			};
			name = Debug;
		};
		7184451326495B710000DF5C /* Release */ = {
			isa = XCBuildConfiguration;
			buildSettings = {
				CLANG_ENABLE_MODULES = YES;
				CODE_SIGN_STYLE = Automatic;
				COMBINE_HIDPI_IMAGES = YES;
				DEFINES_MODULE = YES;
				DEVELOPMENT_TEAM = VX75476QM2;
				DYLIB_COMPATIBILITY_VERSION = 1;
				DYLIB_CURRENT_VERSION = 1;
				DYLIB_INSTALL_NAME_BASE = "@rpath";
				INFOPLIST_FILE = Domain/Info.plist;
				INSTALL_PATH = "$(LOCAL_LIBRARY_DIR)/Frameworks";
				LD_RUNPATH_SEARCH_PATHS = (
					"$(inherited)",
					"@executable_path/../Frameworks",
					"@loader_path/Frameworks",
				);
				MACOSX_DEPLOYMENT_TARGET = 11.1;
				PRODUCT_BUNDLE_IDENTIFIER = "com.gmail-producao.bruno.Domain";
				PRODUCT_NAME = "$(TARGET_NAME:c99extidentifier)";
				SDKROOT = macosx;
				SKIP_INSTALL = YES;
				SWIFT_VERSION = 5.0;
			};
			name = Release;
		};
		7184453326495E920000DF5C /* Debug */ = {
			isa = XCBuildConfiguration;
			buildSettings = {
				CLANG_ENABLE_MODULES = YES;
				CODE_SIGN_STYLE = Automatic;
				COMBINE_HIDPI_IMAGES = YES;
				DEFINES_MODULE = YES;
				DEVELOPMENT_TEAM = VX75476QM2;
				DYLIB_COMPATIBILITY_VERSION = 1;
				DYLIB_CURRENT_VERSION = 1;
				DYLIB_INSTALL_NAME_BASE = "@rpath";
				INFOPLIST_FILE = Data/Info.plist;
				INSTALL_PATH = "$(LOCAL_LIBRARY_DIR)/Frameworks";
				LD_RUNPATH_SEARCH_PATHS = (
					"$(inherited)",
					"@executable_path/../Frameworks",
					"@loader_path/Frameworks",
				);
				MACOSX_DEPLOYMENT_TARGET = 11.1;
				PRODUCT_BUNDLE_IDENTIFIER = "com.gmail-producao.bruno.Data";
				PRODUCT_NAME = "$(TARGET_NAME:c99extidentifier)";
				SDKROOT = macosx;
				SKIP_INSTALL = YES;
				SWIFT_OPTIMIZATION_LEVEL = "-Onone";
				SWIFT_VERSION = 5.0;
			};
			name = Debug;
		};
		7184453426495E920000DF5C /* Release */ = {
			isa = XCBuildConfiguration;
			buildSettings = {
				CLANG_ENABLE_MODULES = YES;
				CODE_SIGN_STYLE = Automatic;
				COMBINE_HIDPI_IMAGES = YES;
				DEFINES_MODULE = YES;
				DEVELOPMENT_TEAM = VX75476QM2;
				DYLIB_COMPATIBILITY_VERSION = 1;
				DYLIB_CURRENT_VERSION = 1;
				DYLIB_INSTALL_NAME_BASE = "@rpath";
				INFOPLIST_FILE = Data/Info.plist;
				INSTALL_PATH = "$(LOCAL_LIBRARY_DIR)/Frameworks";
				LD_RUNPATH_SEARCH_PATHS = (
					"$(inherited)",
					"@executable_path/../Frameworks",
					"@loader_path/Frameworks",
				);
				MACOSX_DEPLOYMENT_TARGET = 11.1;
				PRODUCT_BUNDLE_IDENTIFIER = "com.gmail-producao.bruno.Data";
				PRODUCT_NAME = "$(TARGET_NAME:c99extidentifier)";
				SDKROOT = macosx;
				SKIP_INSTALL = YES;
				SWIFT_VERSION = 5.0;
			};
			name = Release;
		};
		7184453626495E920000DF5C /* Debug */ = {
			isa = XCBuildConfiguration;
			buildSettings = {
				ALWAYS_EMBED_SWIFT_STANDARD_LIBRARIES = YES;
				CODE_SIGN_STYLE = Automatic;
				COMBINE_HIDPI_IMAGES = YES;
				DEVELOPMENT_TEAM = VX75476QM2;
				INFOPLIST_FILE = DataTests/Info.plist;
				LD_RUNPATH_SEARCH_PATHS = (
					"$(inherited)",
					"@executable_path/../Frameworks",
					"@loader_path/../Frameworks",
				);
				MACOSX_DEPLOYMENT_TARGET = 11.1;
				PRODUCT_BUNDLE_IDENTIFIER = "com.gmail-producao.bruno.DataTests";
				PRODUCT_NAME = "$(TARGET_NAME)";
				SDKROOT = macosx;
				SWIFT_VERSION = 5.0;
			};
			name = Debug;
		};
		7184453726495E920000DF5C /* Release */ = {
			isa = XCBuildConfiguration;
			buildSettings = {
				ALWAYS_EMBED_SWIFT_STANDARD_LIBRARIES = YES;
				CODE_SIGN_STYLE = Automatic;
				COMBINE_HIDPI_IMAGES = YES;
				DEVELOPMENT_TEAM = VX75476QM2;
				INFOPLIST_FILE = DataTests/Info.plist;
				LD_RUNPATH_SEARCH_PATHS = (
					"$(inherited)",
					"@executable_path/../Frameworks",
					"@loader_path/../Frameworks",
				);
				MACOSX_DEPLOYMENT_TARGET = 11.1;
				PRODUCT_BUNDLE_IDENTIFIER = "com.gmail-producao.bruno.DataTests";
				PRODUCT_NAME = "$(TARGET_NAME)";
				SDKROOT = macosx;
				SWIFT_VERSION = 5.0;
			};
			name = Release;
		};
/* End XCBuildConfiguration section */

/* Begin XCConfigurationList section */
		715528FB264C090E009746CF /* Build configuration list for PBXNativeTarget "Infra" */ = {
			isa = XCConfigurationList;
			buildConfigurations = (
				715528F7264C090E009746CF /* Debug */,
				715528F8264C090E009746CF /* Release */,
			);
			defaultConfigurationIsVisible = 0;
			defaultConfigurationName = Release;
		};
		715528FC264C090E009746CF /* Build configuration list for PBXNativeTarget "InfraTests" */ = {
			isa = XCConfigurationList;
			buildConfigurations = (
				715528F9264C090E009746CF /* Debug */,
				715528FA264C090E009746CF /* Release */,
			);
			defaultConfigurationIsVisible = 0;
			defaultConfigurationName = Release;
		};
		718444F426495A580000DF5C /* Build configuration list for PBXProject "CleanApp" */ = {
			isa = XCConfigurationList;
			buildConfigurations = (
				7184450026495A580000DF5C /* Debug */,
				7184450126495A580000DF5C /* Release */,
			);
			defaultConfigurationIsVisible = 0;
			defaultConfigurationName = Release;
		};
		7184451126495B710000DF5C /* Build configuration list for PBXNativeTarget "Domain" */ = {
			isa = XCConfigurationList;
			buildConfigurations = (
				7184451226495B710000DF5C /* Debug */,
				7184451326495B710000DF5C /* Release */,
			);
			defaultConfigurationIsVisible = 0;
			defaultConfigurationName = Release;
		};
		7184453226495E920000DF5C /* Build configuration list for PBXNativeTarget "Data" */ = {
			isa = XCConfigurationList;
			buildConfigurations = (
				7184453326495E920000DF5C /* Debug */,
				7184453426495E920000DF5C /* Release */,
			);
			defaultConfigurationIsVisible = 0;
			defaultConfigurationName = Release;
		};
		7184453526495E920000DF5C /* Build configuration list for PBXNativeTarget "DataTests" */ = {
			isa = XCConfigurationList;
			buildConfigurations = (
				7184453626495E920000DF5C /* Debug */,
				7184453726495E920000DF5C /* Release */,
			);
			defaultConfigurationIsVisible = 0;
			defaultConfigurationName = Release;
		};
/* End XCConfigurationList section */

/* Begin XCRemoteSwiftPackageReference section */
		71552916264C0B60009746CF /* XCRemoteSwiftPackageReference "Alamofire" */ = {
			isa = XCRemoteSwiftPackageReference;
			repositoryURL = "https://github.com/Alamofire/Alamofire.git";
			requirement = {
				kind = upToNextMajorVersion;
				minimumVersion = 5.4.3;
			};
		};
/* End XCRemoteSwiftPackageReference section */

/* Begin XCSwiftPackageProductDependency section */
		71552917264C0B60009746CF /* Alamofire */ = {
			isa = XCSwiftPackageProductDependency;
			package = 71552916264C0B60009746CF /* XCRemoteSwiftPackageReference "Alamofire" */;
			productName = Alamofire;
		};
/* End XCSwiftPackageProductDependency section */
	};
	rootObject = 718444F126495A580000DF5C /* Project object */;
}
